
Microsoft Visual Studio Solution File, Format Version 12.00
# Visual Studio Version 16
VisualStudioVersion = 16.0.31019.35
MinimumVisualStudioVersion = 10.0.40219.1
Project("{FAE04EC0-301F-11D3-BF4B-00C04F79EFBC}") = "New_project", "New_project\New_project.csproj", "{AD6AA0E6-04FC-4154-9783-E4D7C7089C85}"
EndProject
Global
	GlobalSection(SolutionConfigurationPlatforms) = preSolution
		Debug|Any CPU = Debug|Any CPU
		Release|Any CPU = Release|Any CPU
	EndGlobalSection
	GlobalSection(ProjectConfigurationPlatforms) = postSolution
		{AD6AA0E6-04FC-4154-9783-E4D7C7089C85}.Debug|Any CPU.ActiveCfg = Debug|Any CPU
		{AD6AA0E6-04FC-4154-9783-E4D7C7089C85}.Debug|Any CPU.Build.0 = Debug|Any CPU
		{AD6AA0E6-04FC-4154-9783-E4D7C7089C85}.Release|Any CPU.ActiveCfg = Release|Any CPU
		{AD6AA0E6-04FC-4154-9783-E4D7C7089C85}.Release|Any CPU.Build.0 = Release|Any CPU
	EndGlobalSection
	GlobalSection(SolutionProperties) = preSolution
		HideSolutionNode = FALSE
	EndGlobalSection
	GlobalSection(ExtensibilityGlobals) = postSolution
		SolutionGuid = {64C08E03-4625-4F01-9BB6-0AC00414B080}
	EndGlobalSection
EndGlobal
